{
  "name": "shiz",
  "version": "4.0.0",
  "lockfileVersion": 2,
  "requires": true,
  "packages": {
    "": {
      "name": "shiz",
      "version": "4.0.0",
      "license": "WTFPL",
      "dependencies": {
        "better-emitter": "^4.0.1"
      },
      "engines": {
        "node": ">=24"
      }
    },
    "node_modules/better-emitter": {
      "version": "4.0.1",
      "resolved": "https://registry.npmjs.org/better-emitter/-/better-emitter-4.0.1.tgz",
      "integrity": "sha512-zYW024hfcLp+6RupEfvYBVGiY9q43OzUFUbucyMY+cm7KPCgonPbG3v5TEOhwneJGHODe1aftYRNB9bZ0TNytA==",
      "license": "WTFPL",
      "dependencies": {
        "key-master": "4.0.0"
      },
      "engines": {
        "node": ">=14.0.0"
      }
    },
    "node_modules/key-master": {
      "version": "4.0.0",
      "resolved": "https://registry.npmjs.org/key-master/-/key-master-4.0.0.tgz",
      "integrity": "sha512-yEO7Twi4tG9q/Y0WinAiMoeDHIGJTfB8/f8KwVbP9Sz74g+zn4CjIGWl9d3hn7TiLJQR4zd0s83jT/4m20HP3w=="
    }
  },
  "dependencies": {
    "better-emitter": {
      "version": "4.0.1",
      "resolved": "https://registry.npmjs.org/better-emitter/-/better-emitter-4.0.1.tgz",
      "integrity": "sha512-zYW024hfcLp+6RupEfvYBVGiY9q43OzUFUbucyMY+cm7KPCgonPbG3v5TEOhwneJGHODe1aftYRNB9bZ0TNytA==",
      "requires": {
        "key-master": "4.0.0"
      }
    },
    "key-master": {
      "version": "4.0.0",
      "resolved": "https://registry.npmjs.org/key-master/-/key-master-4.0.0.tgz",
      "integrity": "sha512-yEO7Twi4tG9q/Y0WinAiMoeDHIGJTfB8/f8KwVbP9Sz74g+zn4CjIGWl9d3hn7TiLJQR4zd0s83jT/4m20HP3w=="
    }
  }
}
